
Microsoft Visual Studio Solution File, Format Version 12.00
# Visual Studio Version 16
VisualStudioVersion = 16.0.29613.14
MinimumVisualStudioVersion = 10.0.40219.1
Project("{9A19103F-16F7-4668-BE54-9A1E7A4F7556}") = "Game", "TestGame\Game.csproj", "{914CE6C4-286A-47EC-A7D3-D69C60DEC9EA}"
EndProject
Project("{9A19103F-16F7-4668-BE54-9A1E7A4F7556}") = "FreezeEngine", "FreezeEngine\FreezeEngine.csproj", "{02C80DE1-3570-42B2-B3C6-C86E8ED279AF}"
EndProject
Global
	GlobalSection(SolutionConfigurationPlatforms) = preSolution
		Debug|Any CPU = Debug|Any CPU
		Release|Any CPU = Release|Any CPU
	EndGlobalSection
	GlobalSection(ProjectConfigurationPlatforms) = postSolution
		{914CE6C4-286A-47EC-A7D3-D69C60DEC9EA}.Debug|Any CPU.ActiveCfg = Debug|Any CPU
		{914CE6C4-286A-47EC-A7D3-D69C60DEC9EA}.Debug|Any CPU.Build.0 = Debug|Any CPU
		{914CE6C4-286A-47EC-A7D3-D69C60DEC9EA}.Release|Any CPU.ActiveCfg = Release|Any CPU
		{914CE6C4-286A-47EC-A7D3-D69C60DEC9EA}.Release|Any CPU.Build.0 = Release|Any CPU
		{02C80DE1-3570-42B2-B3C6-C86E8ED279AF}.Debug|Any CPU.ActiveCfg = Debug|Any CPU
		{02C80DE1-3570-42B2-B3C6-C86E8ED279AF}.Debug|Any CPU.Build.0 = Debug|Any CPU
		{02C80DE1-3570-42B2-B3C6-C86E8ED279AF}.Release|Any CPU.ActiveCfg = Release|Any CPU
		{02C80DE1-3570-42B2-B3C6-C86E8ED279AF}.Release|Any CPU.Build.0 = Release|Any CPU
	EndGlobalSection
	GlobalSection(SolutionProperties) = preSolution
		HideSolutionNode = FALSE
	EndGlobalSection
	GlobalSection(ExtensibilityGlobals) = postSolution
		SolutionGuid = {E31F05E3-67FE-40D9-8877-01136BF150CA}
	EndGlobalSection
EndGlobal
